{
  "requires": true,
  "lockfileVersion": 1,
  "dependencies": {
    "isotope": {
      "version": "1.0.0-alpha.3",
      "resolved": "https://registry.npmjs.org/isotope/-/isotope-1.0.0-alpha.3.tgz",
      "integrity": "sha512-yN8h2WbOT9QAqqmj3ICXb9Nin2yiuUbcnIJhBdv4aojRsiU4FwVfwcbcXk29dv+l0ZrkHP1yY/jeW7/70pePEA=="
    }
  }
}
